// !$*UTF8*$!
{
	archiveVersion = 1;
	classes = {
	};
	objectVersion = 52;
	objects = {

/* Begin PBXBuildFile section */
		0ADD97F42292BD4A0052942C /* Assets.xcassets in Resources */ = {isa = PBXBuildFile; fileRef = 0ADD97F32292BD4A0052942C /* Assets.xcassets */; };
		0ADD97F72292BD4A0052942C /* LaunchScreen.storyboard in Resources */ = {isa = PBXBuildFile; fileRef = 0ADD97F52292BD4A0052942C /* LaunchScreen.storyboard */; };
		0ADD98042292BD620052942C /* Date.swift in Sources */ = {isa = PBXBuildFile; fileRef = 0ADD97FF2292BD620052942C /* Date.swift */; };
		0ADD98052292BD620052942C /* CLLocation.swift in Sources */ = {isa = PBXBuildFile; fileRef = 0ADD98002292BD620052942C /* CLLocation.swift */; };
		0ADD98072292BD620052942C /* TimeInterval.swift in Sources */ = {isa = PBXBuildFile; fileRef = 0ADD98022292BD620052942C /* TimeInterval.swift */; };
		0ADD98082292BD620052942C /* Appearance.swift in Sources */ = {isa = PBXBuildFile; fileRef = 0ADD98032292BD620052942C /* Appearance.swift */; };
		0ADD980E2292BD6A0052942C /* HomeVC.swift in Sources */ = {isa = PBXBuildFile; fileRef = 0ADD980A2292BD6A0052942C /* HomeVC.swift */; };
		0ADD980F2292BD6A0052942C /* RunHistoryVC.swift in Sources */ = {isa = PBXBuildFile; fileRef = 0ADD980B2292BD6A0052942C /* RunHistoryVC.swift */; };
		0ADD98102292BD6A0052942C /* CurrentRunVC.swift in Sources */ = {isa = PBXBuildFile; fileRef = 0ADD980C2292BD6A0052942C /* CurrentRunVC.swift */; };
		0ADD98112292BD6A0052942C /* CompletedRunVC.swift in Sources */ = {isa = PBXBuildFile; fileRef = 0ADD980D2292BD6A0052942C /* CompletedRunVC.swift */; };
		0ADD98232292BD8A0052942C /* CompletedRun.swift in Sources */ = {isa = PBXBuildFile; fileRef = 0ADD981C2292BD8A0052942C /* CompletedRun.swift */; };
		0ADD98242292BD8A0052942C /* RunManager.swift in Sources */ = {isa = PBXBuildFile; fileRef = 0ADD981D2292BD8A0052942C /* RunManager.swift */; };
		0ADD98252292BD8A0052942C /* Preferences.swift in Sources */ = {isa = PBXBuildFile; fileRef = 0ADD981E2292BD8A0052942C /* Preferences.swift */; };
		0ADD98262292BD8A0052942C /* HKManager.swift in Sources */ = {isa = PBXBuildFile; fileRef = 0ADD981F2292BD8A0052942C /* HKManager.swift */; };
		0ADD98272292BD8A0052942C /* ActivityType.swift in Sources */ = {isa = PBXBuildFile; fileRef = 0ADD98202292BD8A0052942C /* ActivityType.swift */; };
		0ADD98282292BD8A0052942C /* KeyValueStore.swift in Sources */ = {isa = PBXBuildFile; fileRef = 0ADD98212292BD8A0052942C /* KeyValueStore.swift */; };
		0ADD98292292BD8A0052942C /* RunP.swift in Sources */ = {isa = PBXBuildFile; fileRef = 0ADD98222292BD8A0052942C /* RunP.swift */; };
		0ADD98302292BD940052942C /* LabelsStackView.swift in Sources */ = {isa = PBXBuildFile; fileRef = 0ADD982B2292BD940052942C /* LabelsStackView.swift */; };
		0ADD98312292BD940052942C /* Main.storyboard in Resources */ = {isa = PBXBuildFile; fileRef = 0ADD982C2292BD940052942C /* Main.storyboard */; };
		0ADD98332292BD940052942C /* AppDelegate.swift in Sources */ = {isa = PBXBuildFile; fileRef = 0ADD982E2292BD940052942C /* AppDelegate.swift */; };
		0ADD98342292BD940052942C /* RunTableCell.swift in Sources */ = {isa = PBXBuildFile; fileRef = 0ADD982F2292BD940052942C /* RunTableCell.swift */; };
		0ADD992F229C1C060052942C /* RunTrackerTests.swift in Sources */ = {isa = PBXBuildFile; fileRef = 0ADD992E229C1C060052942C /* RunTrackerTests.swift */; };
		0C6A95232315C4B200EA2A91 /* InProgressRun.swift in Sources */ = {isa = PBXBuildFile; fileRef = 0C6A95222315C4B200EA2A91 /* InProgressRun.swift */; };
		0C8A942E23169A4900B78156 /* Storyboard Scenes.swift in Sources */ = {isa = PBXBuildFile; fileRef = 0C8A942C23169A4900B78156 /* Storyboard Scenes.swift */; };
		0C8A942F23169A4900B78156 /* Storyboard Segues.swift in Sources */ = {isa = PBXBuildFile; fileRef = 0C8A942D23169A4900B78156 /* Storyboard Segues.swift */; };
/* End PBXBuildFile section */

/* Begin PBXContainerItemProxy section */
		0ADD9931229C1C060052942C /* PBXContainerItemProxy */ = {
			isa = PBXContainerItemProxy;
			containerPortal = 0ADD97DE2292BD490052942C /* Project object */;
			proxyType = 1;
			remoteGlobalIDString = 0ADD97E52292BD490052942C;
			remoteInfo = FitnessTrackerTwo;
		};
/* End PBXContainerItemProxy section */

/* Begin PBXFileReference section */
		0ADD97E62292BD490052942C /* RunTracker.app */ = {isa = PBXFileReference; explicitFileType = wrapper.application; includeInIndex = 0; path = RunTracker.app; sourceTree = BUILT_PRODUCTS_DIR; };
		0ADD97F32292BD4A0052942C /* Assets.xcassets */ = {isa = PBXFileReference; lastKnownFileType = folder.assetcatalog; path = Assets.xcassets; sourceTree = "<group>"; };
		0ADD97F62292BD4A0052942C /* Base */ = {isa = PBXFileReference; lastKnownFileType = file.storyboard; name = Base; path = Base.lproj/LaunchScreen.storyboard; sourceTree = "<group>"; };
		0ADD97F82292BD4A0052942C /* Info.plist */ = {isa = PBXFileReference; lastKnownFileType = text.plist.xml; path = Info.plist; sourceTree = "<group>"; };
		0ADD97FF2292BD620052942C /* Date.swift */ = {isa = PBXFileReference; fileEncoding = 4; lastKnownFileType = sourcecode.swift; path = Date.swift; sourceTree = "<group>"; };
		0ADD98002292BD620052942C /* CLLocation.swift */ = {isa = PBXFileReference; fileEncoding = 4; lastKnownFileType = sourcecode.swift; path = CLLocation.swift; sourceTree = "<group>"; };
		0ADD98022292BD620052942C /* TimeInterval.swift */ = {isa = PBXFileReference; fileEncoding = 4; lastKnownFileType = sourcecode.swift; path = TimeInterval.swift; sourceTree = "<group>"; };
		0ADD98032292BD620052942C /* Appearance.swift */ = {isa = PBXFileReference; fileEncoding = 4; lastKnownFileType = sourcecode.swift; path = Appearance.swift; sourceTree = "<group>"; };
		0ADD980A2292BD6A0052942C /* HomeVC.swift */ = {isa = PBXFileReference; fileEncoding = 4; lastKnownFileType = sourcecode.swift; path = HomeVC.swift; sourceTree = "<group>"; };
		0ADD980B2292BD6A0052942C /* RunHistoryVC.swift */ = {isa = PBXFileReference; fileEncoding = 4; lastKnownFileType = sourcecode.swift; path = RunHistoryVC.swift; sourceTree = "<group>"; };
		0ADD980C2292BD6A0052942C /* CurrentRunVC.swift */ = {isa = PBXFileReference; fileEncoding = 4; lastKnownFileType = sourcecode.swift; path = CurrentRunVC.swift; sourceTree = "<group>"; };
		0ADD980D2292BD6A0052942C /* CompletedRunVC.swift */ = {isa = PBXFileReference; fileEncoding = 4; lastKnownFileType = sourcecode.swift; path = CompletedRunVC.swift; sourceTree = "<group>"; };
		0ADD981C2292BD8A0052942C /* CompletedRun.swift */ = {isa = PBXFileReference; fileEncoding = 4; lastKnownFileType = sourcecode.swift; path = CompletedRun.swift; sourceTree = "<group>"; };
		0ADD981D2292BD8A0052942C /* RunManager.swift */ = {isa = PBXFileReference; fileEncoding = 4; lastKnownFileType = sourcecode.swift; path = RunManager.swift; sourceTree = "<group>"; };
		0ADD981E2292BD8A0052942C /* Preferences.swift */ = {isa = PBXFileReference; fileEncoding = 4; lastKnownFileType = sourcecode.swift; path = Preferences.swift; sourceTree = "<group>"; };
		0ADD981F2292BD8A0052942C /* HKManager.swift */ = {isa = PBXFileReference; fileEncoding = 4; lastKnownFileType = sourcecode.swift; path = HKManager.swift; sourceTree = "<group>"; };
		0ADD98202292BD8A0052942C /* ActivityType.swift */ = {isa = PBXFileReference; fileEncoding = 4; lastKnownFileType = sourcecode.swift; path = ActivityType.swift; sourceTree = "<group>"; };
		0ADD98212292BD8A0052942C /* KeyValueStore.swift */ = {isa = PBXFileReference; fileEncoding = 4; lastKnownFileType = sourcecode.swift; path = KeyValueStore.swift; sourceTree = "<group>"; };
		0ADD98222292BD8A0052942C /* RunP.swift */ = {isa = PBXFileReference; fileEncoding = 4; lastKnownFileType = sourcecode.swift; path = RunP.swift; sourceTree = "<group>"; };
		0ADD982B2292BD940052942C /* LabelsStackView.swift */ = {isa = PBXFileReference; fileEncoding = 4; lastKnownFileType = sourcecode.swift; path = LabelsStackView.swift; sourceTree = "<group>"; };
		0ADD982C2292BD940052942C /* Main.storyboard */ = {isa = PBXFileReference; fileEncoding = 4; lastKnownFileType = file.storyboard; path = Main.storyboard; sourceTree = "<group>"; };
		0ADD982E2292BD940052942C /* AppDelegate.swift */ = {isa = PBXFileReference; fileEncoding = 4; lastKnownFileType = sourcecode.swift; path = AppDelegate.swift; sourceTree = "<group>"; };
		0ADD982F2292BD940052942C /* RunTableCell.swift */ = {isa = PBXFileReference; fileEncoding = 4; lastKnownFileType = sourcecode.swift; path = RunTableCell.swift; sourceTree = "<group>"; };
		0ADD98382292BE470052942C /* HealthKit.framework */ = {isa = PBXFileReference; lastKnownFileType = wrapper.framework; name = HealthKit.framework; path = System/Library/Frameworks/HealthKit.framework; sourceTree = SDKROOT; };
		0ADD983A2292BE470052942C /* RunTracker.entitlements */ = {isa = PBXFileReference; lastKnownFileType = text.plist.entitlements; path = RunTracker.entitlements; sourceTree = "<group>"; };
		0ADD992C229C1C060052942C /* RunTrackerTests.xctest */ = {isa = PBXFileReference; explicitFileType = wrapper.cfbundle; includeInIndex = 0; path = RunTrackerTests.xctest; sourceTree = BUILT_PRODUCTS_DIR; };
		0ADD992E229C1C060052942C /* RunTrackerTests.swift */ = {isa = PBXFileReference; lastKnownFileType = sourcecode.swift; path = RunTrackerTests.swift; sourceTree = "<group>"; };
		0ADD9930229C1C060052942C /* Info.plist */ = {isa = PBXFileReference; lastKnownFileType = text.plist.xml; path = Info.plist; sourceTree = "<group>"; };
		0C6A95222315C4B200EA2A91 /* InProgressRun.swift */ = {isa = PBXFileReference; fileEncoding = 4; lastKnownFileType = sourcecode.swift; path = InProgressRun.swift; sourceTree = "<group>"; };
		0C8A942C23169A4900B78156 /* Storyboard Scenes.swift */ = {isa = PBXFileReference; fileEncoding = 4; lastKnownFileType = sourcecode.swift; path = "Storyboard Scenes.swift"; sourceTree = "<group>"; };
		0C8A942D23169A4900B78156 /* Storyboard Segues.swift */ = {isa = PBXFileReference; fileEncoding = 4; lastKnownFileType = sourcecode.swift; path = "Storyboard Segues.swift"; sourceTree = "<group>"; };
		5F6277C4C39B5FF136374AFF /* Pods_FitnessTrackerTwo.framework */ = {isa = PBXFileReference; explicitFileType = wrapper.framework; includeInIndex = 0; path = Pods_FitnessTrackerTwo.framework; sourceTree = BUILT_PRODUCTS_DIR; };
/* End PBXFileReference section */

/* Begin PBXFrameworksBuildPhase section */
		0ADD9929229C1C060052942C /* Frameworks */ = {
			isa = PBXFrameworksBuildPhase;
			buildActionMask = 2147483647;
			files = (
			);
			runOnlyForDeploymentPostprocessing = 0;
		};
/* End PBXFrameworksBuildPhase section */

/* Begin PBXGroup section */
		0ADD97DD2292BD490052942C = {
			isa = PBXGroup;
			children = (
				0ADD97E82292BD490052942C /* RunTracker */,
				0ADD992D229C1C060052942C /* RunTrackerTests */,
				0ADD97E72292BD490052942C /* Products */,
				0ADD98372292BE470052942C /* Frameworks */,
			);
			sourceTree = "<group>";
		};
		0ADD97E72292BD490052942C /* Products */ = {
			isa = PBXGroup;
			children = (
				0ADD97E62292BD490052942C /* RunTracker.app */,
				0ADD992C229C1C060052942C /* RunTrackerTests.xctest */,
			);
			name = Products;
			sourceTree = "<group>";
		};
		0ADD97E82292BD490052942C /* RunTracker */ = {
			isa = PBXGroup;
			children = (
				0C8A942B23169A4900B78156 /* Generated */,
				0ADD981E2292BD8A0052942C /* Preferences.swift */,
				0ADD98212292BD8A0052942C /* KeyValueStore.swift */,
				0C6A95262315D58F00EA2A91 /* Common */,
				0ADD97FE2292BD620052942C /* Helper */,
				0C6A95252315D54300EA2A91 /* Managers */,
				0ADD981B2292BD8A0052942C /* Model */,
				0ADD982A2292BD940052942C /* View */,
			);
			path = RunTracker;
			sourceTree = "<group>";
		};
		0ADD97FE2292BD620052942C /* Helper */ = {
			isa = PBXGroup;
			children = (
				0ADD97FF2292BD620052942C /* Date.swift */,
				0ADD98002292BD620052942C /* CLLocation.swift */,
				0ADD98022292BD620052942C /* TimeInterval.swift */,
				0ADD98032292BD620052942C /* Appearance.swift */,
			);
			path = Helper;
			sourceTree = "<group>";
		};
		0ADD981B2292BD8A0052942C /* Model */ = {
			isa = PBXGroup;
			children = (
				0C6A95242315C4CA00EA2A91 /* Run */,
				0ADD98202292BD8A0052942C /* ActivityType.swift */,
			);
			path = Model;
			sourceTree = "<group>";
		};
		0ADD982A2292BD940052942C /* View */ = {
			isa = PBXGroup;
			children = (
				0ADD980A2292BD6A0052942C /* HomeVC.swift */,
				0C5CF352231693C400316C9E /* RunHistoryVC */,
				0C5CF353231693D100316C9E /* RunVC */,
				0ADD982C2292BD940052942C /* Main.storyboard */,
			);
			path = View;
			sourceTree = "<group>";
		};
		0ADD98372292BE470052942C /* Frameworks */ = {
			isa = PBXGroup;
			children = (
				0ADD98382292BE470052942C /* HealthKit.framework */,
				5F6277C4C39B5FF136374AFF /* Pods_FitnessTrackerTwo.framework */,
			);
			name = Frameworks;
			sourceTree = "<group>";
		};
		0ADD992D229C1C060052942C /* RunTrackerTests */ = {
			isa = PBXGroup;
			children = (
				0ADD992E229C1C060052942C /* RunTrackerTests.swift */,
				0ADD9930229C1C060052942C /* Info.plist */,
			);
			path = RunTrackerTests;
			sourceTree = "<group>";
		};
		0C5CF352231693C400316C9E /* RunHistoryVC */ = {
			isa = PBXGroup;
			children = (
				0ADD980B2292BD6A0052942C /* RunHistoryVC.swift */,
				0ADD982F2292BD940052942C /* RunTableCell.swift */,
			);
			path = RunHistoryVC;
			sourceTree = "<group>";
		};
		0C5CF353231693D100316C9E /* RunVC */ = {
			isa = PBXGroup;
			children = (
				0ADD980C2292BD6A0052942C /* CurrentRunVC.swift */,
				0ADD980D2292BD6A0052942C /* CompletedRunVC.swift */,
				0ADD982B2292BD940052942C /* LabelsStackView.swift */,
			);
			path = RunVC;
			sourceTree = "<group>";
		};
		0C6A95242315C4CA00EA2A91 /* Run */ = {
			isa = PBXGroup;
			children = (
				0ADD981C2292BD8A0052942C /* CompletedRun.swift */,
				0C6A95222315C4B200EA2A91 /* InProgressRun.swift */,
				0ADD98222292BD8A0052942C /* RunP.swift */,
			);
			path = Run;
			sourceTree = "<group>";
		};
		0C6A95252315D54300EA2A91 /* Managers */ = {
			isa = PBXGroup;
			children = (
				0ADD981D2292BD8A0052942C /* RunManager.swift */,
				0ADD981F2292BD8A0052942C /* HKManager.swift */,
			);
			path = Managers;
			sourceTree = "<group>";
		};
		0C6A95262315D58F00EA2A91 /* Common */ = {
			isa = PBXGroup;
			children = (
				0ADD982E2292BD940052942C /* AppDelegate.swift */,
				0ADD97F32292BD4A0052942C /* Assets.xcassets */,
				0ADD97F52292BD4A0052942C /* LaunchScreen.storyboard */,
				0ADD97F82292BD4A0052942C /* Info.plist */,
				0ADD983A2292BE470052942C /* RunTracker.entitlements */,
			);
			path = Common;
			sourceTree = "<group>";
		};
		0C8A942B23169A4900B78156 /* Generated */ = {
			isa = PBXGroup;
			children = (
				0C8A942C23169A4900B78156 /* Storyboard Scenes.swift */,
				0C8A942D23169A4900B78156 /* Storyboard Segues.swift */,
			);
			path = Generated;
			sourceTree = "<group>";
		};
/* End PBXGroup section */

/* Begin PBXNativeTarget section */
		0ADD97E52292BD490052942C /* RunTracker */ = {
			isa = PBXNativeTarget;
			buildConfigurationList = 0ADD97FB2292BD4A0052942C /* Build configuration list for PBXNativeTarget "RunTracker" */;
			buildPhases = (
				0ADD97E22292BD490052942C /* Sources */,
				0ADD97E42292BD490052942C /* Resources */,
			);
			buildRules = (
			);
			dependencies = (
			);
			name = RunTracker;
			packageProductDependencies = (
				0C5CF34823168CB700316C9E /* SwiftyUserDefaults */,
				0C5CF34A23168EF800316C9E /* Schedule */,
			);
			productName = FitnessTrackerTwo;
			productReference = 0ADD97E62292BD490052942C /* RunTracker.app */;
			productType = "com.apple.product-type.application";
		};
		0ADD992B229C1C060052942C /* RunTrackerTests */ = {
			isa = PBXNativeTarget;
			buildConfigurationList = 0ADD9935229C1C060052942C /* Build configuration list for PBXNativeTarget "RunTrackerTests" */;
			buildPhases = (
				0ADD9928229C1C060052942C /* Sources */,
				0ADD9929229C1C060052942C /* Frameworks */,
				0ADD992A229C1C060052942C /* Resources */,
			);
			buildRules = (
			);
			dependencies = (
				0ADD9932229C1C060052942C /* PBXTargetDependency */,
			);
			name = RunTrackerTests;
			productName = FitnessTrackerTwoTests;
			productReference = 0ADD992C229C1C060052942C /* RunTrackerTests.xctest */;
			productType = "com.apple.product-type.bundle.unit-test";
		};
/* End PBXNativeTarget section */

/* Begin PBXProject section */
		0ADD97DE2292BD490052942C /* Project object */ = {
			isa = PBXProject;
			attributes = {
				LastSwiftUpdateCheck = 1020;
				LastUpgradeCheck = 1020;
				ORGANIZATIONNAME = "Azis Isa";
				TargetAttributes = {
					0ADD97E52292BD490052942C = {
						CreatedOnToolsVersion = 10.2.1;
						SystemCapabilities = {
							com.apple.HealthKit = {
								enabled = 1;
							};
						};
					};
					0ADD992B229C1C060052942C = {
						CreatedOnToolsVersion = 10.2.1;
						TestTargetID = 0ADD97E52292BD490052942C;
					};
				};
			};
			buildConfigurationList = 0ADD97E12292BD490052942C /* Build configuration list for PBXProject "RunTracker" */;
			compatibilityVersion = "Xcode 9.3";
			developmentRegion = en;
			hasScannedForEncodings = 0;
			knownRegions = (
				en,
				Base,
			);
			mainGroup = 0ADD97DD2292BD490052942C;
			packageReferences = (
				0C5CF34723168CB700316C9E /* XCRemoteSwiftPackageReference "SwiftyUserDefaults" */,
				0C5CF34923168EF800316C9E /* XCRemoteSwiftPackageReference "Schedule" */,
			);
			productRefGroup = 0ADD97E72292BD490052942C /* Products */;
			projectDirPath = "";
			projectRoot = "";
			targets = (
				0ADD97E52292BD490052942C /* RunTracker */,
				0ADD992B229C1C060052942C /* RunTrackerTests */,
			);
		};
/* End PBXProject section */

/* Begin PBXResourcesBuildPhase section */
		0ADD97E42292BD490052942C /* Resources */ = {
			isa = PBXResourcesBuildPhase;
			buildActionMask = 2147483647;
			files = (
				0ADD97F72292BD4A0052942C /* LaunchScreen.storyboard in Resources */,
				0ADD97F42292BD4A0052942C /* Assets.xcassets in Resources */,
				0ADD98312292BD940052942C /* Main.storyboard in Resources */,
			);
			runOnlyForDeploymentPostprocessing = 0;
		};
		0ADD992A229C1C060052942C /* Resources */ = {
			isa = PBXResourcesBuildPhase;
			buildActionMask = 2147483647;
			files = (
			);
			runOnlyForDeploymentPostprocessing = 0;
		};
/* End PBXResourcesBuildPhase section */

/* Begin PBXSourcesBuildPhase section */
		0ADD97E22292BD490052942C /* Sources */ = {
			isa = PBXSourcesBuildPhase;
			buildActionMask = 2147483647;
			files = (
				0ADD98332292BD940052942C /* AppDelegate.swift in Sources */,
				0ADD98272292BD8A0052942C /* ActivityType.swift in Sources */,
				0ADD98112292BD6A0052942C /* CompletedRunVC.swift in Sources */,
				0ADD98342292BD940052942C /* RunTableCell.swift in Sources */,
				0ADD98072292BD620052942C /* TimeInterval.swift in Sources */,
				0ADD98252292BD8A0052942C /* Preferences.swift in Sources */,
				0ADD98052292BD620052942C /* CLLocation.swift in Sources */,
				0C6A95232315C4B200EA2A91 /* InProgressRun.swift in Sources */,
				0ADD98242292BD8A0052942C /* RunManager.swift in Sources */,
				0ADD98082292BD620052942C /* Appearance.swift in Sources */,
				0C8A942F23169A4900B78156 /* Storyboard Segues.swift in Sources */,
				0ADD98102292BD6A0052942C /* CurrentRunVC.swift in Sources */,
				0ADD98232292BD8A0052942C /* CompletedRun.swift in Sources */,
				0ADD98262292BD8A0052942C /* HKManager.swift in Sources */,
				0ADD980F2292BD6A0052942C /* RunHistoryVC.swift in Sources */,
				0ADD98302292BD940052942C /* LabelsStackView.swift in Sources */,
				0ADD980E2292BD6A0052942C /* HomeVC.swift in Sources */,
				0C8A942E23169A4900B78156 /* Storyboard Scenes.swift in Sources */,
				0ADD98042292BD620052942C /* Date.swift in Sources */,
				0ADD98292292BD8A0052942C /* RunP.swift in Sources */,
				0ADD98282292BD8A0052942C /* KeyValueStore.swift in Sources */,
			);
			runOnlyForDeploymentPostprocessing = 0;
		};
		0ADD9928229C1C060052942C /* Sources */ = {
			isa = PBXSourcesBuildPhase;
			buildActionMask = 2147483647;
			files = (
				0ADD992F229C1C060052942C /* RunTrackerTests.swift in Sources */,
			);
			runOnlyForDeploymentPostprocessing = 0;
		};
/* End PBXSourcesBuildPhase section */

/* Begin PBXTargetDependency section */
		0ADD9932229C1C060052942C /* PBXTargetDependency */ = {
			isa = PBXTargetDependency;
			target = 0ADD97E52292BD490052942C /* RunTracker */;
			targetProxy = 0ADD9931229C1C060052942C /* PBXContainerItemProxy */;
		};
/* End PBXTargetDependency section */

/* Begin PBXVariantGroup section */
		0ADD97F52292BD4A0052942C /* LaunchScreen.storyboard */ = {
			isa = PBXVariantGroup;
			children = (
				0ADD97F62292BD4A0052942C /* Base */,
			);
			name = LaunchScreen.storyboard;
			sourceTree = "<group>";
		};
/* End PBXVariantGroup section */

/* Begin XCBuildConfiguration section */
		0ADD97F92292BD4A0052942C /* Debug */ = {
			isa = XCBuildConfiguration;
			buildSettings = {
				ALWAYS_SEARCH_USER_PATHS = NO;
				CLANG_ANALYZER_NONNULL = YES;
				CLANG_ANALYZER_NUMBER_OBJECT_CONVERSION = YES_AGGRESSIVE;
				CLANG_CXX_LANGUAGE_STANDARD = "gnu++14";
				CLANG_CXX_LIBRARY = "libc++";
				CLANG_ENABLE_MODULES = YES;
				CLANG_ENABLE_OBJC_ARC = YES;
				CLANG_ENABLE_OBJC_WEAK = YES;
				CLANG_WARN_BLOCK_CAPTURE_AUTORELEASING = YES;
				CLANG_WARN_BOOL_CONVERSION = YES;
				CLANG_WARN_COMMA = YES;
				CLANG_WARN_CONSTANT_CONVERSION = YES;
				CLANG_WARN_DEPRECATED_OBJC_IMPLEMENTATIONS = YES;
				CLANG_WARN_DIRECT_OBJC_ISA_USAGE = YES_ERROR;
				CLANG_WARN_DOCUMENTATION_COMMENTS = YES;
				CLANG_WARN_EMPTY_BODY = YES;
				CLANG_WARN_ENUM_CONVERSION = YES;
				CLANG_WARN_INFINITE_RECURSION = YES;
				CLANG_WARN_INT_CONVERSION = YES;
				CLANG_WARN_NON_LITERAL_NULL_CONVERSION = YES;
				CLANG_WARN_OBJC_IMPLICIT_RETAIN_SELF = YES;
				CLANG_WARN_OBJC_LITERAL_CONVERSION = YES;
				CLANG_WARN_OBJC_ROOT_CLASS = YES_ERROR;
				CLANG_WARN_RANGE_LOOP_ANALYSIS = YES;
				CLANG_WARN_STRICT_PROTOTYPES = YES;
				CLANG_WARN_SUSPICIOUS_MOVE = YES;
				CLANG_WARN_UNGUARDED_AVAILABILITY = YES_AGGRESSIVE;
				CLANG_WARN_UNREACHABLE_CODE = YES;
				CLANG_WARN__DUPLICATE_METHOD_MATCH = YES;
				CODE_SIGN_IDENTITY = "iPhone Developer";
				COPY_PHASE_STRIP = NO;
				DEBUG_INFORMATION_FORMAT = dwarf;
				ENABLE_STRICT_OBJC_MSGSEND = YES;
				ENABLE_TESTABILITY = YES;
				GCC_C_LANGUAGE_STANDARD = gnu11;
				GCC_DYNAMIC_NO_PIC = NO;
				GCC_NO_COMMON_BLOCKS = YES;
				GCC_OPTIMIZATION_LEVEL = 0;
				GCC_PREPROCESSOR_DEFINITIONS = (
					"DEBUG=1",
					"$(inherited)",
				);
				GCC_WARN_64_TO_32_BIT_CONVERSION = YES;
				GCC_WARN_ABOUT_RETURN_TYPE = YES_ERROR;
				GCC_WARN_UNDECLARED_SELECTOR = YES;
				GCC_WARN_UNINITIALIZED_AUTOS = YES_AGGRESSIVE;
				GCC_WARN_UNUSED_FUNCTION = YES;
				GCC_WARN_UNUSED_VARIABLE = YES;
				IPHONEOS_DEPLOYMENT_TARGET = 11.0;
				MTL_ENABLE_DEBUG_INFO = INCLUDE_SOURCE;
				MTL_FAST_MATH = YES;
				ONLY_ACTIVE_ARCH = YES;
				SDKROOT = iphoneos;
				SWIFT_ACTIVE_COMPILATION_CONDITIONS = DEBUG;
				SWIFT_OPTIMIZATION_LEVEL = "-Onone";
			};
			name = Debug;
		};
		0ADD97FA2292BD4A0052942C /* Release */ = {
			isa = XCBuildConfiguration;
			buildSettings = {
				ALWAYS_SEARCH_USER_PATHS = NO;
				CLANG_ANALYZER_NONNULL = YES;
				CLANG_ANALYZER_NUMBER_OBJECT_CONVERSION = YES_AGGRESSIVE;
				CLANG_CXX_LANGUAGE_STANDARD = "gnu++14";
				CLANG_CXX_LIBRARY = "libc++";
				CLANG_ENABLE_MODULES = YES;
				CLANG_ENABLE_OBJC_ARC = YES;
				CLANG_ENABLE_OBJC_WEAK = YES;
				CLANG_WARN_BLOCK_CAPTURE_AUTORELEASING = YES;
				CLANG_WARN_BOOL_CONVERSION = YES;
				CLANG_WARN_COMMA = YES;
				CLANG_WARN_CONSTANT_CONVERSION = YES;
				CLANG_WARN_DEPRECATED_OBJC_IMPLEMENTATIONS = YES;
				CLANG_WARN_DIRECT_OBJC_ISA_USAGE = YES_ERROR;
				CLANG_WARN_DOCUMENTATION_COMMENTS = YES;
				CLANG_WARN_EMPTY_BODY = YES;
				CLANG_WARN_ENUM_CONVERSION = YES;
				CLANG_WARN_INFINITE_RECURSION = YES;
				CLANG_WARN_INT_CONVERSION = YES;
				CLANG_WARN_NON_LITERAL_NULL_CONVERSION = YES;
				CLANG_WARN_OBJC_IMPLICIT_RETAIN_SELF = YES;
				CLANG_WARN_OBJC_LITERAL_CONVERSION = YES;
				CLANG_WARN_OBJC_ROOT_CLASS = YES_ERROR;
				CLANG_WARN_RANGE_LOOP_ANALYSIS = YES;
				CLANG_WARN_STRICT_PROTOTYPES = YES;
				CLANG_WARN_SUSPICIOUS_MOVE = YES;
				CLANG_WARN_UNGUARDED_AVAILABILITY = YES_AGGRESSIVE;
				CLANG_WARN_UNREACHABLE_CODE = YES;
				CLANG_WARN__DUPLICATE_METHOD_MATCH = YES;
				CODE_SIGN_IDENTITY = "iPhone Developer";
				COPY_PHASE_STRIP = NO;
				DEBUG_INFORMATION_FORMAT = "dwarf-with-dsym";
				ENABLE_NS_ASSERTIONS = NO;
				ENABLE_STRICT_OBJC_MSGSEND = YES;
				GCC_C_LANGUAGE_STANDARD = gnu11;
				GCC_NO_COMMON_BLOCKS = YES;
				GCC_WARN_64_TO_32_BIT_CONVERSION = YES;
				GCC_WARN_ABOUT_RETURN_TYPE = YES_ERROR;
				GCC_WARN_UNDECLARED_SELECTOR = YES;
				GCC_WARN_UNINITIALIZED_AUTOS = YES_AGGRESSIVE;
				GCC_WARN_UNUSED_FUNCTION = YES;
				GCC_WARN_UNUSED_VARIABLE = YES;
				IPHONEOS_DEPLOYMENT_TARGET = 11.0;
				MTL_ENABLE_DEBUG_INFO = NO;
				MTL_FAST_MATH = YES;
				SDKROOT = iphoneos;
				SWIFT_COMPILATION_MODE = wholemodule;
				SWIFT_OPTIMIZATION_LEVEL = "-O";
				VALIDATE_PRODUCT = YES;
			};
			name = Release;
		};
		0ADD97FC2292BD4A0052942C /* Debug */ = {
			isa = XCBuildConfiguration;
			buildSettings = {
				ASSETCATALOG_COMPILER_APPICON_NAME = AppIcon;
				CODE_SIGN_ENTITLEMENTS = RunTracker/Common/RunTracker.entitlements;
				CODE_SIGN_STYLE = Automatic;
				DEVELOPMENT_TEAM = 2SSXL2WVNB;
				INFOPLIST_FILE = "$(SRCROOT)/RunTracker/Common/Info.plist";
				LD_RUNPATH_SEARCH_PATHS = (
					"$(inherited)",
					"@executable_path/Frameworks",
				);
				PRODUCT_BUNDLE_IDENTIFIER = bretsko;
				PRODUCT_NAME = "$(TARGET_NAME)";
				SWIFT_VERSION = 5.0;
				TARGETED_DEVICE_FAMILY = 1;
			};
			name = Debug;
		};
		0ADD97FD2292BD4A0052942C /* Release */ = {
			isa = XCBuildConfiguration;
			buildSettings = {
				ASSETCATALOG_COMPILER_APPICON_NAME = AppIcon;
				CODE_SIGN_ENTITLEMENTS = RunTracker/Common/RunTracker.entitlements;
				CODE_SIGN_STYLE = Automatic;
				DEVELOPMENT_TEAM = 2SSXL2WVNB;
				INFOPLIST_FILE = "$(SRCROOT)/RunTracker/Common/Info.plist";
				LD_RUNPATH_SEARCH_PATHS = (
					"$(inherited)",
					"@executable_path/Frameworks",
				);
				PRODUCT_BUNDLE_IDENTIFIER = bretsko;
				PRODUCT_NAME = "$(TARGET_NAME)";
				SWIFT_VERSION = 5.0;
				TARGETED_DEVICE_FAMILY = 1;
			};
			name = Release;
		};
		0ADD9933229C1C060052942C /* Debug */ = {
			isa = XCBuildConfiguration;
			buildSettings = {
				BUNDLE_LOADER = "$(TEST_HOST)";
				CODE_SIGN_STYLE = Automatic;
				DEVELOPMENT_TEAM = NQK83W3X27;
				INFOPLIST_FILE = FitnessTrackerTwoTests/Info.plist;
				LD_RUNPATH_SEARCH_PATHS = (
					"$(inherited)",
					"@executable_path/Frameworks",
					"@loader_path/Frameworks",
				);
				PRODUCT_BUNDLE_IDENTIFIER = com.azisisa.FitnessTrackerTwoTests;
				PRODUCT_NAME = "$(TARGET_NAME)";
				SWIFT_VERSION = 5.0;
				TARGETED_DEVICE_FAMILY = "1,2";
				TEST_HOST = "$(BUILT_PRODUCTS_DIR)/RunTracker.app/RunTracker";
			};
			name = Debug;
		};
		0ADD9934229C1C060052942C /* Release */ = {
			isa = XCBuildConfiguration;
			buildSettings = {
				BUNDLE_LOADER = "$(TEST_HOST)";
				CODE_SIGN_STYLE = Automatic;
				DEVELOPMENT_TEAM = NQK83W3X27;
				INFOPLIST_FILE = FitnessTrackerTwoTests/Info.plist;
				LD_RUNPATH_SEARCH_PATHS = (
					"$(inherited)",
					"@executable_path/Frameworks",
					"@loader_path/Frameworks",
				);
				PRODUCT_BUNDLE_IDENTIFIER = com.azisisa.FitnessTrackerTwoTests;
				PRODUCT_NAME = "$(TARGET_NAME)";
				SWIFT_VERSION = 5.0;
				TARGETED_DEVICE_FAMILY = "1,2";
				TEST_HOST = "$(BUILT_PRODUCTS_DIR)/RunTracker.app/RunTracker";
			};
			name = Release;
		};
/* End XCBuildConfiguration section */

/* Begin XCConfigurationList section */
		0ADD97E12292BD490052942C /* Build configuration list for PBXProject "RunTracker" */ = {
			isa = XCConfigurationList;
			buildConfigurations = (
				0ADD97F92292BD4A0052942C /* Debug */,
				0ADD97FA2292BD4A0052942C /* Release */,
			);
			defaultConfigurationIsVisible = 0;
			defaultConfigurationName = Release;
		};
		0ADD97FB2292BD4A0052942C /* Build configuration list for PBXNativeTarget "RunTracker" */ = {
			isa = XCConfigurationList;
			buildConfigurations = (
				0ADD97FC2292BD4A0052942C /* Debug */,
				0ADD97FD2292BD4A0052942C /* Release */,
			);
			defaultConfigurationIsVisible = 0;
			defaultConfigurationName = Release;
		};
		0ADD9935229C1C060052942C /* Build configuration list for PBXNativeTarget "RunTrackerTests" */ = {
			isa = XCConfigurationList;
			buildConfigurations = (
				0ADD9933229C1C060052942C /* Debug */,
				0ADD9934229C1C060052942C /* Release */,
			);
			defaultConfigurationIsVisible = 0;
			defaultConfigurationName = Release;
		};
/* End XCConfigurationList section */

/* Begin XCRemoteSwiftPackageReference section */
		0C5CF34723168CB700316C9E /* XCRemoteSwiftPackageReference "SwiftyUserDefaults" */ = {
			isa = XCRemoteSwiftPackageReference;
			repositoryURL = "https://github.com/radex/SwiftyUserDefaults";
			requirement = {
				kind = upToNextMajorVersion;
				minimumVersion = 4.0.0;
			};
		};
		0C5CF34923168EF800316C9E /* XCRemoteSwiftPackageReference "Schedule" */ = {
			isa = XCRemoteSwiftPackageReference;
			repositoryURL = "https://github.com/luoxiu/Schedule";
			requirement = {
				kind = upToNextMajorVersion;
				minimumVersion = 2.0.3;
			};
		};
/* End XCRemoteSwiftPackageReference section */

/* Begin XCSwiftPackageProductDependency section */
		0C5CF34823168CB700316C9E /* SwiftyUserDefaults */ = {
			isa = XCSwiftPackageProductDependency;
			package = 0C5CF34723168CB700316C9E /* XCRemoteSwiftPackageReference "SwiftyUserDefaults" */;
			productName = SwiftyUserDefaults;
		};
		0C5CF34A23168EF800316C9E /* Schedule */ = {
			isa = XCSwiftPackageProductDependency;
			package = 0C5CF34923168EF800316C9E /* XCRemoteSwiftPackageReference "Schedule" */;
			productName = Schedule;
		};
/* End XCSwiftPackageProductDependency section */
	};
	rootObject = 0ADD97DE2292BD490052942C /* Project object */;
}
